{
  "name": "@tailwindcss/oxide",
  "version": "0.0.0",
  "lockfileVersion": 2,
  "requires": true,
  "packages": {
    "": {
      "name": "@tailwindcss/oxide",
      "version": "0.0.0",
      "license": "MIT",
      "devDependencies": {
        "@napi-rs/cli": "^2.13.0"
      },
      "engines": {
        "node": ">= 10"
      },
      "optionalDependencies": {
        "@tailwindcss/oxide-darwin-arm64": "0.0.0",
        "@tailwindcss/oxide-darwin-x64": "0.0.0",
        "@tailwindcss/oxide-freebsd-x64": "0.0.0",
        "@tailwindcss/oxide-linux-arm-gnueabihf": "0.0.0",
        "@tailwindcss/oxide-linux-arm64-gnu": "0.0.0",
        "@tailwindcss/oxide-linux-arm64-musl": "0.0.0",
        "@tailwindcss/oxide-linux-x64-gnu": "0.0.0",
        "@tailwindcss/oxide-linux-x64-musl": "0.0.0",
        "@tailwindcss/oxide-win32-x64-msvc": "0.0.0"
      }
    },
    "node_modules/@napi-rs/cli": {
      "version": "2.13.0",
      "resolved": "https://registry.npmjs.org/@napi-rs/cli/-/cli-2.13.0.tgz",
      "integrity": "sha512-8U6TLh2PYXM2SX7HnpRBCqlPU48M9tRe0TLlb4qgUx61bt6PT6Qtdeho3e0ila70fnrbqCA6dnJWrbgbJIopcQ==",
      "dev": true,
      "bin": {
        "napi": "scripts/index.js"
      },
      "engines": {
        "node": ">= 10"
      },
      "funding": {
        "type": "github",
        "url": "https://github.com/sponsors/Brooooooklyn"
      }
    }
  },
  "dependencies": {
    "@napi-rs/cli": {
      "version": "2.13.0",
      "resolved": "https://registry.npmjs.org/@napi-rs/cli/-/cli-2.13.0.tgz",
      "integrity": "sha512-8U6TLh2PYXM2SX7HnpRBCqlPU48M9tRe0TLlb4qgUx61bt6PT6Qtdeho3e0ila70fnrbqCA6dnJWrbgbJIopcQ==",
      "dev": true
    }
  }
}
